{
  "name": "flowdeck-monorepo",
  "lockfileVersion": 3,
  "requires": true,
  "packages": {
    "": {
      "name": "flowdeck-monorepo",
      "devDependencies": {
        "@types/node": "^26.0.0",
        "typescript": "^6.0.3"
      }
    },
    "desktop": {
      "version": "0.1.0",
      "extraneous": true,
      "dependencies": {
        "@flowdeck/shared": "file:../shared",
        "@tailwindcss/vite": "^4.3.1",
        "@tauri-apps/api": "^2",
        "@tauri-apps/plugin-opener": "^2",
        "lucide-react": "^1.21.0",
        "qrcode.react": "^4.2.0",
        "react": "^19.1.0",
        "react-dom": "^19.1.0",
        "tailwindcss": "^4.3.1",
        "zustand": "^5.0.14"
      },
      "devDependencies": {
        "@tauri-apps/cli": "^2",
        "@types/react": "^19.1.8",
        "@types/react-dom": "^19.1.6",
        "@vitejs/plugin-react": "^4.6.0",
        "typescript": "~5.8.3",
        "vite": "^7.0.4"
      }
    },
    "mobile": {
      "version": "1.0.0",
      "extraneous": true,
      "dependencies": {
        "@flowdeck/shared": "file:../shared",
        "@react-native-async-storage/async-storage": "2.2.0",
        "@react-navigation/bottom-tabs": "^7.18.2",
        "@react-navigation/native": "^7.3.3",
        "@react-navigation/native-stack": "^7.17.5",
        "expo": "~56.0.12",
        "expo-blur": "~56.0.3",
        "expo-camera": "~56.0.8",
        "expo-status-bar": "~56.0.4",
        "fbjs": "^3.0.5",
        "lucide-react-native": "^1.21.0",
        "nativewind": "^4.2.6",
        "react": "19.2.3",
        "react-dom": "19.2.3",
        "react-native": "0.85.3",
        "react-native-css-interop": "^0.2.6",
        "react-native-reanimated": "4.3.1",
        "react-native-safe-area-context": "^5.8.0",
        "react-native-screens": "^4.25.2",
        "react-native-web": "^0.21.2",
        "tailwindcss": "^3.4.19",
        "zustand": "^5.0.14"
      },
      "devDependencies": {
        "@types/react": "~19.2.2",
        "typescript": "~6.0.3"
      }
    },
    "node_modules/@types/node": {
      "version": "26.0.0",
      "resolved": "https://registry.npmjs.org/@types/node/-/node-26.0.0.tgz",
      "integrity": "sha512-vf2YFi1iY9lHGwNJMs01biZFbKJkrZR1T6/MlzjhJLPdntOHLhTrDSnSVcdtvjihi4VQNlrFRIxLsDBlQpAipA==",
      "dev": true,
      "license": "MIT",
      "dependencies": {
        "undici-types": "~8.3.0"
      }
    },
    "node_modules/typescript": {
      "version": "6.0.3",
      "resolved": "https://registry.npmjs.org/typescript/-/typescript-6.0.3.tgz",
      "integrity": "sha512-y2TvuxSZPDyQakkFRPZHKFm+KKVqIisdg9/CZwm9ftvKXLP8NRWj38/ODjNbr43SsoXqNuAisEf1GdCxqWcdBw==",
      "dev": true,
      "license": "Apache-2.0",
      "bin": {
        "tsc": "bin/tsc",
        "tsserver": "bin/tsserver"
      },
      "engines": {
        "node": ">=14.17"
      }
    },
    "node_modules/undici-types": {
      "version": "8.3.0",
      "resolved": "https://registry.npmjs.org/undici-types/-/undici-types-8.3.0.tgz",
      "integrity": "sha512-j375ScV60dom+YkPFIfTLcOiPxkN/buHz5GobjLhixFuANaNs3C9l4GmrWqejgXWJ7BbJcFYpTEUkS1Ge8bpZQ==",
      "dev": true,
      "license": "MIT"
    },
    "shared": {
      "name": "@flowdeck/shared",
      "version": "1.0.0",
      "extraneous": true,
      "dependencies": {
        "zod": "^3.22.4"
      }
    }
  }
}
